
Microsoft Visual Studio Solution File, Format Version 12.00
# Visual Studio Version 16
VisualStudioVersion = 16.0.30225.117
MinimumVisualStudioVersion = 10.0.40219.1
Project("{2150E333-8FDC-42A3-9474-1A3956D46DE8}") = "00.NLib", "00.NLib", "{109665F9-FFA5-491F-B0F8-1D808177B825}"
EndProject
Project("{2150E333-8FDC-42A3-9474-1A3956D46DE8}") = "10.Tests", "10.Tests", "{CC5BA7C7-81C0-406E-8160-483A9394B5AE}"
EndProject
Project("{2150E333-8FDC-42A3-9474-1A3956D46DE8}") = "Solution Items", "Solution Items", "{287F3787-0FED-43D2-8352-DE5755D40296}"
	ProjectSection(SolutionItems) = preProject
		Compile.note.txt = Compile.note.txt
		history.txt = history.txt
	EndProjectSection
EndProject
Project("{FAE04EC0-301F-11D3-BF4B-00C04F79EFBC}") = "NLib", "00.NLib\NLib\NLib.csproj", "{41A9D6C0-C833-403F-9BC1-EECDC246A428}"
EndProject
Project("{FAE04EC0-301F-11D3-BF4B-00C04F79EFBC}") = "NLib.Reports", "00.NLib\NLib.Reports\NLib.Reports.csproj", "{5879D92A-F850-4A70-8D88-99D29F6A46F3}"
EndProject
Project("{2150E333-8FDC-42A3-9474-1A3956D46DE8}") = "01Core", "01Core", "{FD8E729B-6B41-46E4-ADC2-FCCD2B433E2F}"
EndProject
Project("{2150E333-8FDC-42A3-9474-1A3956D46DE8}") = "02.Models", "02.Models", "{FFC052F3-66EB-4B37-A337-0B18E32AB76B}"
EndProject
Project("{2150E333-8FDC-42A3-9474-1A3956D46DE8}") = "09.App", "09.App", "{BA97B28C-9EEA-4423-8686-163B1B23E8C2}"
EndProject
Project("{FAE04EC0-301F-11D3-BF4B-00C04F79EFBC}") = "01.DMT.Core", "01Core\01.DMT.Core\01.DMT.Core.csproj", "{DB7FB4B5-3662-479E-A7DA-26B73611BFD4}"
EndProject
Project("{FAE04EC0-301F-11D3-BF4B-00C04F79EFBC}") = "02.DMT.Networks", "01Core\02.DMT.Networks\02.DMT.Networks.csproj", "{855917D7-7BA7-4F5B-958F-E365B35F64F1}"
EndProject
Project("{FAE04EC0-301F-11D3-BF4B-00C04F79EFBC}") = "03.DMT.Smartcard", "01Core\03.DMT.Smartcard\03.DMT.Smartcard.csproj", "{5148ED2A-41FA-409C-BB41-36806D98BF81}"
EndProject
Project("{2150E333-8FDC-42A3-9474-1A3956D46DE8}") = "99.Tools", "99.Tools", "{01E8070E-E87F-4A5D-91FE-05960267840C}"
EndProject
Project("{2150E333-8FDC-42A3-9474-1A3956D46DE8}") = "01.VSIX", "01.VSIX", "{D708F914-BE57-43C0-A534-0021FA60DD8F}"
EndProject
Project("{2150E333-8FDC-42A3-9474-1A3956D46DE8}") = "02.RFREADER", "02.RFREADER", "{D0918473-BAA7-4363-A60B-D77B9069F8D3}"
	ProjectSection(SolutionItems) = preProject
		99.Tools\02.RFREADER\ICTransfer.exe = 99.Tools\02.RFREADER\ICTransfer.exe
		99.Tools\02.RFREADER\MasterCom.dll = 99.Tools\02.RFREADER\MasterCom.dll
		99.Tools\02.RFREADER\MasterRD.dll = 99.Tools\02.RFREADER\MasterRD.dll
		99.Tools\02.RFREADER\SL600 test.txt = 99.Tools\02.RFREADER\SL600 test.txt
		99.Tools\02.RFREADER\SL_Paper.dll = 99.Tools\02.RFREADER\SL_Paper.dll
	EndProjectSection
EndProject
Project("{2150E333-8FDC-42A3-9474-1A3956D46DE8}") = "ReportViewer", "ReportViewer", "{A108321C-3584-4B0C-99CC-C117F301DD94}"
	ProjectSection(SolutionItems) = preProject
		99.Tools\01.VSIX\ReportViewer\Microsoft.DataTools.ReportingServices.z01 = 99.Tools\01.VSIX\ReportViewer\Microsoft.DataTools.ReportingServices.z01
		99.Tools\01.VSIX\ReportViewer\Microsoft.DataTools.ReportingServices.z02 = 99.Tools\01.VSIX\ReportViewer\Microsoft.DataTools.ReportingServices.z02
		99.Tools\01.VSIX\ReportViewer\Microsoft.DataTools.ReportingServices.zip = 99.Tools\01.VSIX\ReportViewer\Microsoft.DataTools.ReportingServices.zip
		99.Tools\01.VSIX\ReportViewer\Microsoft.RdlcDesigner.vsix = 99.Tools\01.VSIX\ReportViewer\Microsoft.RdlcDesigner.vsix
		99.Tools\01.VSIX\ReportViewer\note.txt = 99.Tools\01.VSIX\ReportViewer\note.txt
	EndProjectSection
EndProject
Project("{2150E333-8FDC-42A3-9474-1A3956D46DE8}") = "11.Samples", "11.Samples", "{2C540656-561A-4488-8356-1DAC7747F632}"
EndProject
Project("{FAE04EC0-301F-11D3-BF4B-00C04F79EFBC}") = "SmartcardM1Test", "11.Samples\SmartcardM1Test\SmartcardM1Test.csproj", "{4C0B5727-1A0D-49AD-9BFE-BEE56DB81A53}"
EndProject
Project("{FAE04EC0-301F-11D3-BF4B-00C04F79EFBC}") = "01.DMT.Models", "02.Models\01.DMT.Models\01.DMT.Models.csproj", "{7D584F0A-920F-4BE1-8652-3527FD7A5C27}"
EndProject
Project("{2150E333-8FDC-42A3-9474-1A3956D46DE8}") = "03.Local.WebService", "03.Local.WebService", "{8E4794E4-B7FC-43AB-863B-79B354C837F3}"
EndProject
Project("{2150E333-8FDC-42A3-9474-1A3956D46DE8}") = "04.Smartcard.IPC", "04.Smartcard.IPC", "{3E59FE29-72F3-48F2-BEC1-4DCD2AFF7188}"
EndProject
Project("{FAE04EC0-301F-11D3-BF4B-00C04F79EFBC}") = "01.DMT.Local.WebServer", "03.Local.WebService\01.DMT.Local.WebServer\01.DMT.Local.WebServer.csproj", "{6EB3BCEA-B7D7-4C5D-812E-E3AAB7292AA0}"
EndProject
Project("{FAE04EC0-301F-11D3-BF4B-00C04F79EFBC}") = "02.DMT.Local.WebClient", "03.Local.WebService\02.DMT.Local.WebClient\02.DMT.Local.WebClient.csproj", "{0040F19E-4885-4267-9404-61C8DC150F5F}"
EndProject
Project("{FAE04EC0-301F-11D3-BF4B-00C04F79EFBC}") = "01.DMT.Smartcard.IPC.Server", "04.Smartcard.IPC\01.DMT.Smartcard.IPC.Server\01.DMT.Smartcard.IPC.Server.csproj", "{1ED667D9-A376-4E03-A8D0-D62E2E9E3B08}"
EndProject
Project("{FAE04EC0-301F-11D3-BF4B-00C04F79EFBC}") = "01.LocalDbServerFunctionTest", "10.Tests\01.LocalDbServerFunctionTest\01.LocalDbServerFunctionTest.csproj", "{A5C9D7C0-9FC5-45C0-8021-45411E15EE25}"
EndProject
Project("{FAE04EC0-301F-11D3-BF4B-00C04F79EFBC}") = "01.DMT.Plaza.Windows.Services", "09.App\01.DMT.Plaza.Windows.Services\01.DMT.Plaza.Windows.Services.csproj", "{0B6AA1E6-3657-43ED-8297-4ED57A076209}"
EndProject
Project("{FAE04EC0-301F-11D3-BF4B-00C04F79EFBC}") = "02.WebSocketServerSample", "10.Tests\02.WebSocketServerSample\02.WebSocketServerSample.csproj", "{41CABA75-23E8-4744-B3A9-8D5ACE8FE26F}"
EndProject
Project("{FAE04EC0-301F-11D3-BF4B-00C04F79EFBC}") = "03.WebSocketClientSample", "10.Tests\03.WebSocketClientSample\03.WebSocketClientSample.csproj", "{E36D0D9B-20C7-4D66-9C13-5CFB7650805A}"
EndProject
Project("{2150E333-8FDC-42A3-9474-1A3956D46DE8}") = "20.Local.database", "20.Local.database", "{31036B49-95C1-4323-B52D-DC9956F8705E}"
EndProject
Project("{2150E333-8FDC-42A3-9474-1A3956D46DE8}") = "00.Current", "00.Current", "{4445A396-5E25-4D0F-9F8C-C1B79B270C1D}"
	ProjectSection(SolutionItems) = preProject
		20.Local.database\00.Current\TODxTA.db = 20.Local.database\00.Current\TODxTA.db
	EndProjectSection
EndProject
Project("{2150E333-8FDC-42A3-9474-1A3956D46DE8}") = "01.Backup", "01.Backup", "{FC5D4635-1E3D-42AD-976D-6FBF87C07AD8}"
EndProject
Project("{2150E333-8FDC-42A3-9474-1A3956D46DE8}") = "2020-07-13", "2020-07-13", "{2BA98AF7-6468-4A24-8EAA-9779C7FF3808}"
	ProjectSection(SolutionItems) = preProject
		20.Local.database\01.Backup\2020-07-13\TODxTA.db = 20.Local.database\01.Backup\2020-07-13\TODxTA.db
	EndProjectSection
EndProject
Global
	GlobalSection(SolutionConfigurationPlatforms) = preSolution
		Debug|Any CPU = Debug|Any CPU
		Release|Any CPU = Release|Any CPU
	EndGlobalSection
	GlobalSection(ProjectConfigurationPlatforms) = postSolution
		{41A9D6C0-C833-403F-9BC1-EECDC246A428}.Debug|Any CPU.ActiveCfg = Debug|Any CPU
		{41A9D6C0-C833-403F-9BC1-EECDC246A428}.Debug|Any CPU.Build.0 = Debug|Any CPU
		{41A9D6C0-C833-403F-9BC1-EECDC246A428}.Release|Any CPU.ActiveCfg = Release|Any CPU
		{41A9D6C0-C833-403F-9BC1-EECDC246A428}.Release|Any CPU.Build.0 = Release|Any CPU
		{5879D92A-F850-4A70-8D88-99D29F6A46F3}.Debug|Any CPU.ActiveCfg = Debug|Any CPU
		{5879D92A-F850-4A70-8D88-99D29F6A46F3}.Debug|Any CPU.Build.0 = Debug|Any CPU
		{5879D92A-F850-4A70-8D88-99D29F6A46F3}.Release|Any CPU.ActiveCfg = Release|Any CPU
		{5879D92A-F850-4A70-8D88-99D29F6A46F3}.Release|Any CPU.Build.0 = Release|Any CPU
		{DB7FB4B5-3662-479E-A7DA-26B73611BFD4}.Debug|Any CPU.ActiveCfg = Debug|Any CPU
		{DB7FB4B5-3662-479E-A7DA-26B73611BFD4}.Debug|Any CPU.Build.0 = Debug|Any CPU
		{DB7FB4B5-3662-479E-A7DA-26B73611BFD4}.Release|Any CPU.ActiveCfg = Release|Any CPU
		{DB7FB4B5-3662-479E-A7DA-26B73611BFD4}.Release|Any CPU.Build.0 = Release|Any CPU
		{855917D7-7BA7-4F5B-958F-E365B35F64F1}.Debug|Any CPU.ActiveCfg = Debug|Any CPU
		{855917D7-7BA7-4F5B-958F-E365B35F64F1}.Debug|Any CPU.Build.0 = Debug|Any CPU
		{855917D7-7BA7-4F5B-958F-E365B35F64F1}.Release|Any CPU.ActiveCfg = Release|Any CPU
		{855917D7-7BA7-4F5B-958F-E365B35F64F1}.Release|Any CPU.Build.0 = Release|Any CPU
		{5148ED2A-41FA-409C-BB41-36806D98BF81}.Debug|Any CPU.ActiveCfg = Debug|Any CPU
		{5148ED2A-41FA-409C-BB41-36806D98BF81}.Debug|Any CPU.Build.0 = Debug|Any CPU
		{5148ED2A-41FA-409C-BB41-36806D98BF81}.Release|Any CPU.ActiveCfg = Release|Any CPU
		{5148ED2A-41FA-409C-BB41-36806D98BF81}.Release|Any CPU.Build.0 = Release|Any CPU
		{4C0B5727-1A0D-49AD-9BFE-BEE56DB81A53}.Debug|Any CPU.ActiveCfg = Debug|Any CPU
		{4C0B5727-1A0D-49AD-9BFE-BEE56DB81A53}.Debug|Any CPU.Build.0 = Debug|Any CPU
		{4C0B5727-1A0D-49AD-9BFE-BEE56DB81A53}.Release|Any CPU.ActiveCfg = Release|Any CPU
		{4C0B5727-1A0D-49AD-9BFE-BEE56DB81A53}.Release|Any CPU.Build.0 = Release|Any CPU
		{7D584F0A-920F-4BE1-8652-3527FD7A5C27}.Debug|Any CPU.ActiveCfg = Debug|Any CPU
		{7D584F0A-920F-4BE1-8652-3527FD7A5C27}.Debug|Any CPU.Build.0 = Debug|Any CPU
		{7D584F0A-920F-4BE1-8652-3527FD7A5C27}.Release|Any CPU.ActiveCfg = Release|Any CPU
		{7D584F0A-920F-4BE1-8652-3527FD7A5C27}.Release|Any CPU.Build.0 = Release|Any CPU
		{6EB3BCEA-B7D7-4C5D-812E-E3AAB7292AA0}.Debug|Any CPU.ActiveCfg = Debug|Any CPU
		{6EB3BCEA-B7D7-4C5D-812E-E3AAB7292AA0}.Debug|Any CPU.Build.0 = Debug|Any CPU
		{6EB3BCEA-B7D7-4C5D-812E-E3AAB7292AA0}.Release|Any CPU.ActiveCfg = Release|Any CPU
		{6EB3BCEA-B7D7-4C5D-812E-E3AAB7292AA0}.Release|Any CPU.Build.0 = Release|Any CPU
		{0040F19E-4885-4267-9404-61C8DC150F5F}.Debug|Any CPU.ActiveCfg = Debug|Any CPU
		{0040F19E-4885-4267-9404-61C8DC150F5F}.Debug|Any CPU.Build.0 = Debug|Any CPU
		{0040F19E-4885-4267-9404-61C8DC150F5F}.Release|Any CPU.ActiveCfg = Release|Any CPU
		{0040F19E-4885-4267-9404-61C8DC150F5F}.Release|Any CPU.Build.0 = Release|Any CPU
		{1ED667D9-A376-4E03-A8D0-D62E2E9E3B08}.Debug|Any CPU.ActiveCfg = Debug|Any CPU
		{1ED667D9-A376-4E03-A8D0-D62E2E9E3B08}.Debug|Any CPU.Build.0 = Debug|Any CPU
		{1ED667D9-A376-4E03-A8D0-D62E2E9E3B08}.Release|Any CPU.ActiveCfg = Release|Any CPU
		{1ED667D9-A376-4E03-A8D0-D62E2E9E3B08}.Release|Any CPU.Build.0 = Release|Any CPU
		{A5C9D7C0-9FC5-45C0-8021-45411E15EE25}.Debug|Any CPU.ActiveCfg = Debug|Any CPU
		{A5C9D7C0-9FC5-45C0-8021-45411E15EE25}.Debug|Any CPU.Build.0 = Debug|Any CPU
		{A5C9D7C0-9FC5-45C0-8021-45411E15EE25}.Release|Any CPU.ActiveCfg = Release|Any CPU
		{A5C9D7C0-9FC5-45C0-8021-45411E15EE25}.Release|Any CPU.Build.0 = Release|Any CPU
		{0B6AA1E6-3657-43ED-8297-4ED57A076209}.Debug|Any CPU.ActiveCfg = Debug|Any CPU
		{0B6AA1E6-3657-43ED-8297-4ED57A076209}.Debug|Any CPU.Build.0 = Debug|Any CPU
		{0B6AA1E6-3657-43ED-8297-4ED57A076209}.Release|Any CPU.ActiveCfg = Release|Any CPU
		{0B6AA1E6-3657-43ED-8297-4ED57A076209}.Release|Any CPU.Build.0 = Release|Any CPU
		{41CABA75-23E8-4744-B3A9-8D5ACE8FE26F}.Debug|Any CPU.ActiveCfg = Debug|Any CPU
		{41CABA75-23E8-4744-B3A9-8D5ACE8FE26F}.Debug|Any CPU.Build.0 = Debug|Any CPU
		{41CABA75-23E8-4744-B3A9-8D5ACE8FE26F}.Release|Any CPU.ActiveCfg = Release|Any CPU
		{41CABA75-23E8-4744-B3A9-8D5ACE8FE26F}.Release|Any CPU.Build.0 = Release|Any CPU
		{E36D0D9B-20C7-4D66-9C13-5CFB7650805A}.Debug|Any CPU.ActiveCfg = Debug|Any CPU
		{E36D0D9B-20C7-4D66-9C13-5CFB7650805A}.Debug|Any CPU.Build.0 = Debug|Any CPU
		{E36D0D9B-20C7-4D66-9C13-5CFB7650805A}.Release|Any CPU.ActiveCfg = Release|Any CPU
		{E36D0D9B-20C7-4D66-9C13-5CFB7650805A}.Release|Any CPU.Build.0 = Release|Any CPU
	EndGlobalSection
	GlobalSection(SolutionProperties) = preSolution
		HideSolutionNode = FALSE
	EndGlobalSection
	GlobalSection(NestedProjects) = preSolution
		{41A9D6C0-C833-403F-9BC1-EECDC246A428} = {109665F9-FFA5-491F-B0F8-1D808177B825}
		{5879D92A-F850-4A70-8D88-99D29F6A46F3} = {109665F9-FFA5-491F-B0F8-1D808177B825}
		{DB7FB4B5-3662-479E-A7DA-26B73611BFD4} = {FD8E729B-6B41-46E4-ADC2-FCCD2B433E2F}
		{855917D7-7BA7-4F5B-958F-E365B35F64F1} = {FD8E729B-6B41-46E4-ADC2-FCCD2B433E2F}
		{5148ED2A-41FA-409C-BB41-36806D98BF81} = {FD8E729B-6B41-46E4-ADC2-FCCD2B433E2F}
		{D708F914-BE57-43C0-A534-0021FA60DD8F} = {01E8070E-E87F-4A5D-91FE-05960267840C}
		{D0918473-BAA7-4363-A60B-D77B9069F8D3} = {01E8070E-E87F-4A5D-91FE-05960267840C}
		{A108321C-3584-4B0C-99CC-C117F301DD94} = {D708F914-BE57-43C0-A534-0021FA60DD8F}
		{4C0B5727-1A0D-49AD-9BFE-BEE56DB81A53} = {2C540656-561A-4488-8356-1DAC7747F632}
		{7D584F0A-920F-4BE1-8652-3527FD7A5C27} = {FFC052F3-66EB-4B37-A337-0B18E32AB76B}
		{6EB3BCEA-B7D7-4C5D-812E-E3AAB7292AA0} = {8E4794E4-B7FC-43AB-863B-79B354C837F3}
		{0040F19E-4885-4267-9404-61C8DC150F5F} = {8E4794E4-B7FC-43AB-863B-79B354C837F3}
		{1ED667D9-A376-4E03-A8D0-D62E2E9E3B08} = {3E59FE29-72F3-48F2-BEC1-4DCD2AFF7188}
		{A5C9D7C0-9FC5-45C0-8021-45411E15EE25} = {CC5BA7C7-81C0-406E-8160-483A9394B5AE}
		{0B6AA1E6-3657-43ED-8297-4ED57A076209} = {BA97B28C-9EEA-4423-8686-163B1B23E8C2}
		{41CABA75-23E8-4744-B3A9-8D5ACE8FE26F} = {CC5BA7C7-81C0-406E-8160-483A9394B5AE}
		{E36D0D9B-20C7-4D66-9C13-5CFB7650805A} = {CC5BA7C7-81C0-406E-8160-483A9394B5AE}
		{4445A396-5E25-4D0F-9F8C-C1B79B270C1D} = {31036B49-95C1-4323-B52D-DC9956F8705E}
		{FC5D4635-1E3D-42AD-976D-6FBF87C07AD8} = {31036B49-95C1-4323-B52D-DC9956F8705E}
		{2BA98AF7-6468-4A24-8EAA-9779C7FF3808} = {FC5D4635-1E3D-42AD-976D-6FBF87C07AD8}
	EndGlobalSection
	GlobalSection(ExtensibilityGlobals) = postSolution
		SolutionGuid = {9731A03E-799B-4488-994E-8D1962D6F7F2}
	EndGlobalSection
EndGlobal
